{
  "name": "flowpilot-ai-cloudflare",
  "version": "1.0.0",
  "lockfileVersion": 3,
  "requires": true,
  "packages": {
    "": {
      "name": "flowpilot-ai-cloudflare",
      "version": "1.0.0",
      "dependencies": {
        "@ai-sdk/react": "^4.0.130",
        "@cloudflare/ai-chat": "latest",
        "agents": "latest",
        "ai": "latest",
        "react": "latest",
        "react-dom": "latest",
        "workers-ai-provider": "latest",
        "zod": "latest"
      },
      "devDependencies": {
        "@cloudflare/vite-plugin": "latest",
        "@cloudflare/workers-types": "latest",
        "@eslint/js": "latest",
        "@types/react": "latest",
        "@types/react-dom": "latest",
        "@vitejs/plugin-react": "latest",
        "eslint": "latest",
        "typescript": "latest",
        "typescript-eslint": "latest",
        "vite": "latest",
        "vitest": "latest",
        "wrangler": "latest"
      }
    },
    "node_modules/@ai-sdk/gateway": {
      "version": "4.0.103",
      "resolved": "https://registry.npmjs.org/@ai-sdk/gateway/-/gateway-4.0.103.tgz",
      "integrity": "sha512-nnGTUHzPRQ14jhv9CL4OQrzcRBIFTBMIPKGIi9Z9u/4GtwSRxa/nxUX6np2Iwp5phOzO0a0njj/j9Jolf5AEaA==",
      "license": "Apache-2.0",
      "dependencies": {
        "@ai-sdk/provider": "4.0.21",
        "@ai-sdk/provider-utils": "5.0.53",
        "@vercel/oidc": "3.2.0"
      },
      "engines": {
        "node": ">=22"
      },
      "peerDependencies": {
        "zod": "^3.25.76 || ^4.1.8"
      }
    },
    "node_modules/@ai-sdk/mcp": {
      "version": "2.0.66",
      "resolved": "https://registry.npmjs.org/@ai-sdk/mcp/-/mcp-2.0.66.tgz",
      "integrity": "sha512-wFAL5rL/CQljgrhrtpzvrmLJ1tY7Q3o9+SQR+02ZYff3jzXOpj3vfCdi6PjJ1jS3jDd8rkmE9QFlfOFKztI3pg==",
      "license": "Apache-2.0",
      "dependencies": {
        "@ai-sdk/provider": "4.0.21",
        "@ai-sdk/provider-utils": "5.0.53",
        "cross-spawn": "^7.0.6",
        "pkce-challenge": "^5.0.1"
      },
      "engines": {
        "node": ">=22"
      },
      "peerDependencies": {
        "zod": "^3.25.76 || ^4.1.8"
      }
    },
    "node_modules/@ai-sdk/provider": {
      "version": "4.0.21",
      "resolved": "https://registry.npmjs.org/@ai-sdk/provider/-/provider-4.0.21.tgz",
      "integrity": "sha512-UpbC9C1oht8dhfKPbVXSLRZS3DI8uk8n5v2uMjBPNIYGsC2kL045ywq7D8Hh9KgnH9rP5W/GxQdYtWScRouqlA==",
      "license": "Apache-2.0",
      "dependencies": {
        "json-schema": "^0.4.0"
      },
      "engines": {
        "node": ">=22"
      }
    },
    "node_modules/@ai-sdk/provider-utils": {
      "version": "5.0.53",
      "resolved": "https://registry.npmjs.org/@ai-sdk/provider-utils/-/provider-utils-5.0.53.tgz",
      "integrity": "sha512-VVe6UDd0y0/B4TfauuKKzcppqvhTmSluwwUVT4WG2/8h7gFbyFm7PM4UGM+ZXe3/RI6bv+Vl1cw/7aiBoQqdxg==",
      "license": "Apache-2.0",
      "dependencies": {
        "@ai-sdk/provider": "4.0.21",
        "@standard-schema/spec": "^1.1.0",
        "@workflow/serde": "4.1.0",
        "eventsource-parser": "^3.0.8",
        "undici": "^7.29.0"
      },
      "engines": {
        "node": ">=22"
      },
      "peerDependencies": {
        "zod": "^3.25.76 || ^4.1.8"
      }
    },
    "node_modules/@ai-sdk/react": {
      "version": "4.0.130",
      "resolved": "https://registry.npmjs.org/@ai-sdk/react/-/react-4.0.130.tgz",
      "integrity": "sha512-6nUGT2mWIPUK/s2nUJH0Hiu90Oqawwo2INAHekOi4hJBb8zhFJS0yMP0aRn/+UO9VmJT/v58d8rWSmGE3B6ApA==",
      "license": "Apache-2.0",
      "dependencies": {
        "@ai-sdk/mcp": "2.0.66",
        "@ai-sdk/provider": "4.0.21",
        "@ai-sdk/provider-utils": "5.0.53",
        "ai": "7.0.127",
        "swr": "^2.4.1",
        "throttleit": "2.1.0"
      },
      "engines": {
        "node": ">=22"
      },
      "peerDependencies": {
        "react": "^18 || ~19.0.1 || ~19.1.2 || ^19.2.1"
      }
    },
    "node_modules/@babel/code-frame": {
      "version": "8.0.6",
      "resolved": "https://registry.npmjs.org/@babel/code-frame/-/code-frame-8.0.6.tgz",
      "integrity": "sha512-uMHhvmDmwFiLuiozaoRYTZHqMFuu3fem/X9JY78lohAuLoh8LSGGC8JqUzo2cVuBsBxkjMZNk56CE7ock8Xxkw==",
      "license": "MIT",
      "dependencies": {
        "@babel/helper-validator-identifier": "^8.0.6",
        "js-tokens": "^10.0.0"
      },
      "engines": {
        "node": "^22.18.0 || >=24.11.0"
      }
    },
    "node_modules/@babel/compat-data": {
      "version": "8.0.5",
      "resolved": "https://registry.npmjs.org/@babel/compat-data/-/compat-data-8.0.5.tgz",
      "integrity": "sha512-YLsYoQMvL8l8WrGpN3Zj7O1wK5LEBN+cQtux7BcuHyxIXve724XG+zuJ1n3U1cUweRtTzQOA4IHbuQw3N34SZw==",
      "license": "MIT",
      "peer": true,
      "engines": {
        "node": "^22.18.0 || >=24.11.0"
      }
    },
    "node_modules/@babel/core": {
      "version": "8.0.6",
      "resolved": "https://registry.npmjs.org/@babel/core/-/core-8.0.6.tgz",
      "integrity": "sha512-5zwYt1V4ji3mXKKRIAkohSJ29WepxNwxQi+7y7P5AcVPh1dcxnZBU2cfxHnPwS